
Microsoft Visual Studio Solution File, Format Version 12.00
# Visual Studio Version 17
VisualStudioVersion = 17.3.32901.215
MinimumVisualStudioVersion = 10.0.40219.1
Project("{FAE04EC0-301F-11D3-BF4B-00C04F79EFBC}") = "WebApi", ".\WebApi.csproj", "{13309DA0-5978-4501-9F0F-8BDFFD3CDD41}"
EndProject
Project("{FAE04EC0-301F-11D3-BF4B-00C04F79EFBC}") = "WebApi", "WebApi.csproj", "{D1A56D9F-6EDA-4EC8-9165-299FE088C7F1}"
EndProject
Global
	GlobalSection(SolutionConfigurationPlatforms) = preSolution
		Debug|Any CPU = Debug|Any CPU
		Release|Any CPU = Release|Any CPU
	EndGlobalSection
	GlobalSection(ProjectConfigurationPlatforms) = postSolution
		{13309DA0-5978-4501-9F0F-8BDFFD3CDD41}.Debug|Any CPU.ActiveCfg = Debug|Any CPU
		{13309DA0-5978-4501-9F0F-8BDFFD3CDD41}.Debug|Any CPU.Build.0 = Debug|Any CPU
		{13309DA0-5978-4501-9F0F-8BDFFD3CDD41}.Release|Any CPU.ActiveCfg = Release|Any CPU
		{13309DA0-5978-4501-9F0F-8BDFFD3CDD41}.Release|Any CPU.Build.0 = Release|Any CPU
		{D1A56D9F-6EDA-4EC8-9165-299FE088C7F1}.Debug|Any CPU.ActiveCfg = Debug|Any CPU
		{D1A56D9F-6EDA-4EC8-9165-299FE088C7F1}.Debug|Any CPU.Build.0 = Debug|Any CPU
		{D1A56D9F-6EDA-4EC8-9165-299FE088C7F1}.Release|Any CPU.ActiveCfg = Release|Any CPU
		{D1A56D9F-6EDA-4EC8-9165-299FE088C7F1}.Release|Any CPU.Build.0 = Release|Any CPU
	EndGlobalSection
	GlobalSection(SolutionProperties) = preSolution
		HideSolutionNode = FALSE
	EndGlobalSection
	GlobalSection(ExtensibilityGlobals) = postSolution
		SolutionGuid = {D01CB4EA-DB37-4C98-8902-51EA32B640BF}
	EndGlobalSection
EndGlobal
